
Microsoft Visual Studio Solution File, Format Version 12.00
# Visual Studio Version 17
VisualStudioVersion = 17.9.34622.214
MinimumVisualStudioVersion = 10.0.40219.1
Project("{888888A0-9F3D-457C-B088-3A5042F75D52}") = "ChatRoom", "ChatRoom.pyproj", "{7AA24A7D-B569-40CA-912A-3AA56E147964}"
EndProject
Global
	GlobalSection(SolutionConfigurationPlatforms) = preSolution
		Debug|Any CPU = Debug|Any CPU
		Release|Any CPU = Release|Any CPU
	EndGlobalSection
	GlobalSection(ProjectConfigurationPlatforms) = postSolution
		{7AA24A7D-B569-40CA-912A-3AA56E147964}.Debug|Any CPU.ActiveCfg = Debug|Any CPU
		{7AA24A7D-B569-40CA-912A-3AA56E147964}.Release|Any CPU.ActiveCfg = Release|Any CPU
	EndGlobalSection
	GlobalSection(SolutionProperties) = preSolution
		HideSolutionNode = FALSE
	EndGlobalSection
	GlobalSection(ExtensibilityGlobals) = postSolution
		SolutionGuid = {99B9C303-0814-43BF-9368-88085505C240}
	EndGlobalSection
EndGlobal
